// !$*UTF8*$!
{
	archiveVersion = 1;
	classes = {
	};
	objectVersion = 56;
	objects = {

/* Begin PBXBuildFile section */
		159CF9792D398890004E6AD4 /* TVMazeApp.swift in Sources */ = {isa = PBXBuildFile; fileRef = 159CF9782D398890004E6AD4 /* TVMazeApp.swift */; };
		159CF97D2D398891004E6AD4 /* Assets.xcassets in Resources */ = {isa = PBXBuildFile; fileRef = 159CF97C2D398891004E6AD4 /* Assets.xcassets */; };
		159CF9802D398891004E6AD4 /* Preview Assets.xcassets in Resources */ = {isa = PBXBuildFile; fileRef = 159CF97F2D398891004E6AD4 /* Preview Assets.xcassets */; };
		159CF98A2D398892004E6AD4 /* TVMazeTests.swift in Sources */ = {isa = PBXBuildFile; fileRef = 159CF9892D398892004E6AD4 /* TVMazeTests.swift */; };
		159CF9942D398892004E6AD4 /* TVMazeUITests.swift in Sources */ = {isa = PBXBuildFile; fileRef = 159CF9932D398892004E6AD4 /* TVMazeUITests.swift */; };
		159CF9962D398892004E6AD4 /* TVMazeUITestsLaunchTests.swift in Sources */ = {isa = PBXBuildFile; fileRef = 159CF9952D398892004E6AD4 /* TVMazeUITestsLaunchTests.swift */; };
		159CF9A72D399583004E6AD4 /* TV_maze_initial_layout.png in Resources */ = {isa = PBXBuildFile; fileRef = 159CF9A62D399583004E6AD4 /* TV_maze_initial_layout.png */; };
		159CF9B12D3996CA004E6AD4 /* HomeView.swift in Sources */ = {isa = PBXBuildFile; fileRef = 159CF9B02D3996CA004E6AD4 /* HomeView.swift */; };
		159CF9B42D39972C004E6AD4 /* SearchView.swift in Sources */ = {isa = PBXBuildFile; fileRef = 159CF9B32D39972C004E6AD4 /* SearchView.swift */; };
		159CF9B72D399782004E6AD4 /* ShowDetailView.swift in Sources */ = {isa = PBXBuildFile; fileRef = 159CF9B62D399782004E6AD4 /* ShowDetailView.swift */; };
		159CF9BA2D3997CA004E6AD4 /* EpisodeView.swift in Sources */ = {isa = PBXBuildFile; fileRef = 159CF9B92D3997CA004E6AD4 /* EpisodeView.swift */; };
		159CF9BE2D399DC5004E6AD4 /* AppRouter.swift in Sources */ = {isa = PBXBuildFile; fileRef = 159CF9BD2D399DC5004E6AD4 /* AppRouter.swift */; };
		159CF9C52D39B669004E6AD4 /* AppRouterBaseView.swift in Sources */ = {isa = PBXBuildFile; fileRef = 159CF9C42D39B669004E6AD4 /* AppRouterBaseView.swift */; };
		159CF9CA2D39BAA7004E6AD4 /* RouterProtocol.swift in Sources */ = {isa = PBXBuildFile; fileRef = 159CF9C92D39BAA7004E6AD4 /* RouterProtocol.swift */; };
		159CF9CE2D39C26A004E6AD4 /* HttpClient.swift in Sources */ = {isa = PBXBuildFile; fileRef = 159CF9CD2D39C26A004E6AD4 /* HttpClient.swift */; };
		159CF9D22D39C369004E6AD4 /* TVShowItem.swift in Sources */ = {isa = PBXBuildFile; fileRef = 159CF9D12D39C369004E6AD4 /* TVShowItem.swift */; };
		159CF9D62D39CAED004E6AD4 /* TVShowDataSource.swift in Sources */ = {isa = PBXBuildFile; fileRef = 159CF9D52D39CAED004E6AD4 /* TVShowDataSource.swift */; };
		159CF9DA2D39CF47004E6AD4 /* URLAdapter.swift in Sources */ = {isa = PBXBuildFile; fileRef = 159CF9D92D39CF47004E6AD4 /* URLAdapter.swift */; };
/* End PBXBuildFile section */

/* Begin PBXContainerItemProxy section */
		159CF9862D398892004E6AD4 /* PBXContainerItemProxy */ = {
			isa = PBXContainerItemProxy;
			containerPortal = 159CF96D2D398890004E6AD4 /* Project object */;
			proxyType = 1;
			remoteGlobalIDString = 159CF9742D398890004E6AD4;
			remoteInfo = TVMaze;
		};
		159CF9902D398892004E6AD4 /* PBXContainerItemProxy */ = {
			isa = PBXContainerItemProxy;
			containerPortal = 159CF96D2D398890004E6AD4 /* Project object */;
			proxyType = 1;
			remoteGlobalIDString = 159CF9742D398890004E6AD4;
			remoteInfo = TVMaze;
		};
/* End PBXContainerItemProxy section */

/* Begin PBXFileReference section */
		159CF9752D398890004E6AD4 /* TVMaze.app */ = {isa = PBXFileReference; explicitFileType = wrapper.application; includeInIndex = 0; path = TVMaze.app; sourceTree = BUILT_PRODUCTS_DIR; };
		159CF9782D398890004E6AD4 /* TVMazeApp.swift */ = {isa = PBXFileReference; lastKnownFileType = sourcecode.swift; path = TVMazeApp.swift; sourceTree = "<group>"; };
		159CF97C2D398891004E6AD4 /* Assets.xcassets */ = {isa = PBXFileReference; lastKnownFileType = folder.assetcatalog; path = Assets.xcassets; sourceTree = "<group>"; };
		159CF97F2D398891004E6AD4 /* Preview Assets.xcassets */ = {isa = PBXFileReference; lastKnownFileType = folder.assetcatalog; path = "Preview Assets.xcassets"; sourceTree = "<group>"; };
		159CF9852D398892004E6AD4 /* TVMazeTests.xctest */ = {isa = PBXFileReference; explicitFileType = wrapper.cfbundle; includeInIndex = 0; path = TVMazeTests.xctest; sourceTree = BUILT_PRODUCTS_DIR; };
		159CF9892D398892004E6AD4 /* TVMazeTests.swift */ = {isa = PBXFileReference; lastKnownFileType = sourcecode.swift; path = TVMazeTests.swift; sourceTree = "<group>"; };
		159CF98F2D398892004E6AD4 /* TVMazeUITests.xctest */ = {isa = PBXFileReference; explicitFileType = wrapper.cfbundle; includeInIndex = 0; path = TVMazeUITests.xctest; sourceTree = BUILT_PRODUCTS_DIR; };
		159CF9932D398892004E6AD4 /* TVMazeUITests.swift */ = {isa = PBXFileReference; lastKnownFileType = sourcecode.swift; path = TVMazeUITests.swift; sourceTree = "<group>"; };
		159CF9952D398892004E6AD4 /* TVMazeUITestsLaunchTests.swift */ = {isa = PBXFileReference; lastKnownFileType = sourcecode.swift; path = TVMazeUITestsLaunchTests.swift; sourceTree = "<group>"; };
		159CF9A22D399382004E6AD4 /* README.md */ = {isa = PBXFileReference; lastKnownFileType = net.daringfireball.markdown; path = README.md; sourceTree = "<group>"; };
		159CF9A62D399583004E6AD4 /* TV_maze_initial_layout.png */ = {isa = PBXFileReference; lastKnownFileType = image.png; path = TV_maze_initial_layout.png; sourceTree = "<group>"; };
		159CF9B02D3996CA004E6AD4 /* HomeView.swift */ = {isa = PBXFileReference; lastKnownFileType = sourcecode.swift; path = HomeView.swift; sourceTree = "<group>"; };
		159CF9B32D39972C004E6AD4 /* SearchView.swift */ = {isa = PBXFileReference; lastKnownFileType = sourcecode.swift; path = SearchView.swift; sourceTree = "<group>"; };
		159CF9B62D399782004E6AD4 /* ShowDetailView.swift */ = {isa = PBXFileReference; lastKnownFileType = sourcecode.swift; path = ShowDetailView.swift; sourceTree = "<group>"; };
		159CF9B92D3997CA004E6AD4 /* EpisodeView.swift */ = {isa = PBXFileReference; lastKnownFileType = sourcecode.swift; path = EpisodeView.swift; sourceTree = "<group>"; };
		159CF9BD2D399DC5004E6AD4 /* AppRouter.swift */ = {isa = PBXFileReference; lastKnownFileType = sourcecode.swift; path = AppRouter.swift; sourceTree = "<group>"; };
		159CF9C42D39B669004E6AD4 /* AppRouterBaseView.swift */ = {isa = PBXFileReference; lastKnownFileType = sourcecode.swift; path = AppRouterBaseView.swift; sourceTree = "<group>"; };
		159CF9C92D39BAA7004E6AD4 /* RouterProtocol.swift */ = {isa = PBXFileReference; lastKnownFileType = sourcecode.swift; path = RouterProtocol.swift; sourceTree = "<group>"; };
		159CF9CD2D39C26A004E6AD4 /* HttpClient.swift */ = {isa = PBXFileReference; lastKnownFileType = sourcecode.swift; path = HttpClient.swift; sourceTree = "<group>"; };
		159CF9D12D39C369004E6AD4 /* TVShowItem.swift */ = {isa = PBXFileReference; lastKnownFileType = sourcecode.swift; path = TVShowItem.swift; sourceTree = "<group>"; };
		159CF9D52D39CAED004E6AD4 /* TVShowDataSource.swift */ = {isa = PBXFileReference; lastKnownFileType = sourcecode.swift; path = TVShowDataSource.swift; sourceTree = "<group>"; };
		159CF9D92D39CF47004E6AD4 /* URLAdapter.swift */ = {isa = PBXFileReference; lastKnownFileType = sourcecode.swift; path = URLAdapter.swift; sourceTree = "<group>"; };
/* End PBXFileReference section */

/* Begin PBXFrameworksBuildPhase section */
		159CF9722D398890004E6AD4 /* Frameworks */ = {
			isa = PBXFrameworksBuildPhase;
			buildActionMask = 2147483647;
			files = (
			);
			runOnlyForDeploymentPostprocessing = 0;
		};
		159CF9822D398892004E6AD4 /* Frameworks */ = {
			isa = PBXFrameworksBuildPhase;
			buildActionMask = 2147483647;
			files = (
			);
			runOnlyForDeploymentPostprocessing = 0;
		};
		159CF98C2D398892004E6AD4 /* Frameworks */ = {
			isa = PBXFrameworksBuildPhase;
			buildActionMask = 2147483647;
			files = (
			);
			runOnlyForDeploymentPostprocessing = 0;
		};
/* End PBXFrameworksBuildPhase section */

/* Begin PBXGroup section */
		159CF96C2D398890004E6AD4 = {
			isa = PBXGroup;
			children = (
				159CF9A22D399382004E6AD4 /* README.md */,
				159CF9A32D399397004E6AD4 /* Resources */,
				159CF9772D398890004E6AD4 /* TVMaze */,
				159CF9882D398892004E6AD4 /* TVMazeTests */,
				159CF9922D398892004E6AD4 /* TVMazeUITests */,
				159CF9762D398890004E6AD4 /* Products */,
			);
			sourceTree = "<group>";
		};
		159CF9762D398890004E6AD4 /* Products */ = {
			isa = PBXGroup;
			children = (
				159CF9752D398890004E6AD4 /* TVMaze.app */,
				159CF9852D398892004E6AD4 /* TVMazeTests.xctest */,
				159CF98F2D398892004E6AD4 /* TVMazeUITests.xctest */,
			);
			name = Products;
			sourceTree = "<group>";
		};
		159CF9772D398890004E6AD4 /* TVMaze */ = {
			isa = PBXGroup;
			children = (
				159CF9A82D3995E2004E6AD4 /* App */,
				159CF9C62D39BA95004E6AD4 /* Core */,
				159CF9A92D3995ED004E6AD4 /* Features */,
				159CF97C2D398891004E6AD4 /* Assets.xcassets */,
				159CF97E2D398891004E6AD4 /* Preview Content */,
			);
			path = TVMaze;
			sourceTree = "<group>";
		};
		159CF97E2D398891004E6AD4 /* Preview Content */ = {
			isa = PBXGroup;
			children = (
				159CF97F2D398891004E6AD4 /* Preview Assets.xcassets */,
			);
			path = "Preview Content";
			sourceTree = "<group>";
		};
		159CF9882D398892004E6AD4 /* TVMazeTests */ = {
			isa = PBXGroup;
			children = (
				159CF9892D398892004E6AD4 /* TVMazeTests.swift */,
			);
			path = TVMazeTests;
			sourceTree = "<group>";
		};
		159CF9922D398892004E6AD4 /* TVMazeUITests */ = {
			isa = PBXGroup;
			children = (
				159CF9932D398892004E6AD4 /* TVMazeUITests.swift */,
				159CF9952D398892004E6AD4 /* TVMazeUITestsLaunchTests.swift */,
			);
			path = TVMazeUITests;
			sourceTree = "<group>";
		};
		159CF9A32D399397004E6AD4 /* Resources */ = {
			isa = PBXGroup;
			children = (
				159CF9A62D399583004E6AD4 /* TV_maze_initial_layout.png */,
			);
			path = Resources;
			sourceTree = "<group>";
		};
		159CF9A82D3995E2004E6AD4 /* App */ = {
			isa = PBXGroup;
			children = (
				159CF9782D398890004E6AD4 /* TVMazeApp.swift */,
			);
			path = App;
			sourceTree = "<group>";
		};
		159CF9A92D3995ED004E6AD4 /* Features */ = {
			isa = PBXGroup;
			children = (
				159CF9AD2D39966A004E6AD4 /* Home */,
				159CF9AC2D399621004E6AD4 /* Search */,
				159CF9AE2D39966E004E6AD4 /* Show */,
				159CF9AB2D3995F4004E6AD4 /* Episode */,
			);
			path = Features;
			sourceTree = "<group>";
		};
		159CF9AB2D3995F4004E6AD4 /* Episode */ = {
			isa = PBXGroup;
			children = (
				159CF9B82D39979B004E6AD4 /* Presentation */,
			);
			path = Episode;
			sourceTree = "<group>";
		};
		159CF9AC2D399621004E6AD4 /* Search */ = {
			isa = PBXGroup;
			children = (
				159CF9B22D399721004E6AD4 /* Presentation */,
			);
			path = Search;
			sourceTree = "<group>";
		};
		159CF9AD2D39966A004E6AD4 /* Home */ = {
			isa = PBXGroup;
			children = (
				159CF9CF2D39C2AC004E6AD4 /* Data */,
				159CF9AF2D3996B6004E6AD4 /* Presentation */,
			);
			path = Home;
			sourceTree = "<group>";
		};
		159CF9AE2D39966E004E6AD4 /* Show */ = {
			isa = PBXGroup;
			children = (
				159CF9B52D399772004E6AD4 /* Presentation */,
			);
			path = Show;
			sourceTree = "<group>";
		};
		159CF9AF2D3996B6004E6AD4 /* Presentation */ = {
			isa = PBXGroup;
			children = (
				159CF9B02D3996CA004E6AD4 /* HomeView.swift */,
			);
			path = Presentation;
			sourceTree = "<group>";
		};
		159CF9B22D399721004E6AD4 /* Presentation */ = {
			isa = PBXGroup;
			children = (
				159CF9B32D39972C004E6AD4 /* SearchView.swift */,
			);
			path = Presentation;
			sourceTree = "<group>";
		};
		159CF9B52D399772004E6AD4 /* Presentation */ = {
			isa = PBXGroup;
			children = (
				159CF9B62D399782004E6AD4 /* ShowDetailView.swift */,
			);
			path = Presentation;
			sourceTree = "<group>";
		};
		159CF9B82D39979B004E6AD4 /* Presentation */ = {
			isa = PBXGroup;
			children = (
				159CF9B92D3997CA004E6AD4 /* EpisodeView.swift */,
			);
			path = Presentation;
			sourceTree = "<group>";
		};
		159CF9C62D39BA95004E6AD4 /* Core */ = {
			isa = PBXGroup;
			children = (
				159CF9CB2D39C24D004E6AD4 /* Network */,
				159CF9C72D39BA96004E6AD4 /* Navigation */,
			);
			path = Core;
			sourceTree = "<group>";
		};
		159CF9C72D39BA96004E6AD4 /* Navigation */ = {
			isa = PBXGroup;
			children = (
				159CF9C92D39BAA7004E6AD4 /* RouterProtocol.swift */,
				159CF9BD2D399DC5004E6AD4 /* AppRouter.swift */,
				159CF9C42D39B669004E6AD4 /* AppRouterBaseView.swift */,
			);
			path = Navigation;
			sourceTree = "<group>";
		};
		159CF9CB2D39C24D004E6AD4 /* Network */ = {
			isa = PBXGroup;
			children = (
				159CF9CD2D39C26A004E6AD4 /* HttpClient.swift */,
				159CF9D92D39CF47004E6AD4 /* URLAdapter.swift */,
			);
			path = Network;
			sourceTree = "<group>";
		};
		159CF9CF2D39C2AC004E6AD4 /* Data */ = {
			isa = PBXGroup;
			children = (
				159CF9D32D39CAD0004E6AD4 /* DataSource */,
				159CF9D02D39C2B6004E6AD4 /* Model */,
			);
			path = Data;
			sourceTree = "<group>";
		};
		159CF9D02D39C2B6004E6AD4 /* Model */ = {
			isa = PBXGroup;
			children = (
				159CF9D12D39C369004E6AD4 /* TVShowItem.swift */,
			);
			path = Model;
			sourceTree = "<group>";
		};
		159CF9D32D39CAD0004E6AD4 /* DataSource */ = {
			isa = PBXGroup;
			children = (
				159CF9D52D39CAED004E6AD4 /* TVShowDataSource.swift */,
			);
			path = DataSource;
			sourceTree = "<group>";
		};
/* End PBXGroup section */

/* Begin PBXNativeTarget section */
		159CF9742D398890004E6AD4 /* TVMaze */ = {
			isa = PBXNativeTarget;
			buildConfigurationList = 159CF9992D398892004E6AD4 /* Build configuration list for PBXNativeTarget "TVMaze" */;
			buildPhases = (
				159CF9712D398890004E6AD4 /* Sources */,
				159CF9722D398890004E6AD4 /* Frameworks */,
				159CF9732D398890004E6AD4 /* Resources */,
			);
			buildRules = (
			);
			dependencies = (
			);
			name = TVMaze;
			productName = TVMaze;
			productReference = 159CF9752D398890004E6AD4 /* TVMaze.app */;
			productType = "com.apple.product-type.application";
		};
		159CF9842D398892004E6AD4 /* TVMazeTests */ = {
			isa = PBXNativeTarget;
			buildConfigurationList = 159CF99C2D398892004E6AD4 /* Build configuration list for PBXNativeTarget "TVMazeTests" */;
			buildPhases = (
				159CF9812D398892004E6AD4 /* Sources */,
				159CF9822D398892004E6AD4 /* Frameworks */,
				159CF9832D398892004E6AD4 /* Resources */,
			);
			buildRules = (
			);
			dependencies = (
				159CF9872D398892004E6AD4 /* PBXTargetDependency */,
			);
			name = TVMazeTests;
			productName = TVMazeTests;
			productReference = 159CF9852D398892004E6AD4 /* TVMazeTests.xctest */;
			productType = "com.apple.product-type.bundle.unit-test";
		};
		159CF98E2D398892004E6AD4 /* TVMazeUITests */ = {
			isa = PBXNativeTarget;
			buildConfigurationList = 159CF99F2D398892004E6AD4 /* Build configuration list for PBXNativeTarget "TVMazeUITests" */;
			buildPhases = (
				159CF98B2D398892004E6AD4 /* Sources */,
				159CF98C2D398892004E6AD4 /* Frameworks */,
				159CF98D2D398892004E6AD4 /* Resources */,
			);
			buildRules = (
			);
			dependencies = (
				159CF9912D398892004E6AD4 /* PBXTargetDependency */,
			);
			name = TVMazeUITests;
			productName = TVMazeUITests;
			productReference = 159CF98F2D398892004E6AD4 /* TVMazeUITests.xctest */;
			productType = "com.apple.product-type.bundle.ui-testing";
		};
/* End PBXNativeTarget section */

/* Begin PBXProject section */
		159CF96D2D398890004E6AD4 /* Project object */ = {
			isa = PBXProject;
			attributes = {
				BuildIndependentTargetsInParallel = 1;
				LastSwiftUpdateCheck = 1520;
				LastUpgradeCheck = 1520;
				TargetAttributes = {
					159CF9742D398890004E6AD4 = {
						CreatedOnToolsVersion = 15.2;
					};
					159CF9842D398892004E6AD4 = {
						CreatedOnToolsVersion = 15.2;
						TestTargetID = 159CF9742D398890004E6AD4;
					};
					159CF98E2D398892004E6AD4 = {
						CreatedOnToolsVersion = 15.2;
						TestTargetID = 159CF9742D398890004E6AD4;
					};
				};
			};
			buildConfigurationList = 159CF9702D398890004E6AD4 /* Build configuration list for PBXProject "TVMaze" */;
			compatibilityVersion = "Xcode 14.0";
			developmentRegion = en;
			hasScannedForEncodings = 0;
			knownRegions = (
				en,
				Base,
			);
			mainGroup = 159CF96C2D398890004E6AD4;
			productRefGroup = 159CF9762D398890004E6AD4 /* Products */;
			projectDirPath = "";
			projectRoot = "";
			targets = (
				159CF9742D398890004E6AD4 /* TVMaze */,
				159CF9842D398892004E6AD4 /* TVMazeTests */,
				159CF98E2D398892004E6AD4 /* TVMazeUITests */,
			);
		};
/* End PBXProject section */

/* Begin PBXResourcesBuildPhase section */
		159CF9732D398890004E6AD4 /* Resources */ = {
			isa = PBXResourcesBuildPhase;
			buildActionMask = 2147483647;
			files = (
				159CF9802D398891004E6AD4 /* Preview Assets.xcassets in Resources */,
				159CF97D2D398891004E6AD4 /* Assets.xcassets in Resources */,
				159CF9A72D399583004E6AD4 /* TV_maze_initial_layout.png in Resources */,
			);
			runOnlyForDeploymentPostprocessing = 0;
		};
		159CF9832D398892004E6AD4 /* Resources */ = {
			isa = PBXResourcesBuildPhase;
			buildActionMask = 2147483647;
			files = (
			);
			runOnlyForDeploymentPostprocessing = 0;
		};
		159CF98D2D398892004E6AD4 /* Resources */ = {
			isa = PBXResourcesBuildPhase;
			buildActionMask = 2147483647;
			files = (
			);
			runOnlyForDeploymentPostprocessing = 0;
		};
/* End PBXResourcesBuildPhase section */

/* Begin PBXSourcesBuildPhase section */
		159CF9712D398890004E6AD4 /* Sources */ = {
			isa = PBXSourcesBuildPhase;
			buildActionMask = 2147483647;
			files = (
				159CF9CA2D39BAA7004E6AD4 /* RouterProtocol.swift in Sources */,
				159CF9DA2D39CF47004E6AD4 /* URLAdapter.swift in Sources */,
				159CF9B42D39972C004E6AD4 /* SearchView.swift in Sources */,
				159CF9B12D3996CA004E6AD4 /* HomeView.swift in Sources */,
				159CF9D22D39C369004E6AD4 /* TVShowItem.swift in Sources */,
				159CF9D62D39CAED004E6AD4 /* TVShowDataSource.swift in Sources */,
				159CF9B72D399782004E6AD4 /* ShowDetailView.swift in Sources */,
				159CF9CE2D39C26A004E6AD4 /* HttpClient.swift in Sources */,
				159CF9C52D39B669004E6AD4 /* AppRouterBaseView.swift in Sources */,
				159CF9BA2D3997CA004E6AD4 /* EpisodeView.swift in Sources */,
				159CF9792D398890004E6AD4 /* TVMazeApp.swift in Sources */,
				159CF9BE2D399DC5004E6AD4 /* AppRouter.swift in Sources */,
			);
			runOnlyForDeploymentPostprocessing = 0;
		};
		159CF9812D398892004E6AD4 /* Sources */ = {
			isa = PBXSourcesBuildPhase;
			buildActionMask = 2147483647;
			files = (
				159CF98A2D398892004E6AD4 /* TVMazeTests.swift in Sources */,
			);
			runOnlyForDeploymentPostprocessing = 0;
		};
		159CF98B2D398892004E6AD4 /* Sources */ = {
			isa = PBXSourcesBuildPhase;
			buildActionMask = 2147483647;
			files = (
				159CF9942D398892004E6AD4 /* TVMazeUITests.swift in Sources */,
				159CF9962D398892004E6AD4 /* TVMazeUITestsLaunchTests.swift in Sources */,
			);
			runOnlyForDeploymentPostprocessing = 0;
		};
/* End PBXSourcesBuildPhase section */

/* Begin PBXTargetDependency section */
		159CF9872D398892004E6AD4 /* PBXTargetDependency */ = {
			isa = PBXTargetDependency;
			target = 159CF9742D398890004E6AD4 /* TVMaze */;
			targetProxy = 159CF9862D398892004E6AD4 /* PBXContainerItemProxy */;
		};
		159CF9912D398892004E6AD4 /* PBXTargetDependency */ = {
			isa = PBXTargetDependency;
			target = 159CF9742D398890004E6AD4 /* TVMaze */;
			targetProxy = 159CF9902D398892004E6AD4 /* PBXContainerItemProxy */;
		};
/* End PBXTargetDependency section */

/* Begin XCBuildConfiguration section */
		159CF9972D398892004E6AD4 /* Debug */ = {
			isa = XCBuildConfiguration;
			buildSettings = {
				ALWAYS_SEARCH_USER_PATHS = NO;
				ASSETCATALOG_COMPILER_GENERATE_SWIFT_ASSET_SYMBOL_EXTENSIONS = YES;
				CLANG_ANALYZER_NONNULL = YES;
				CLANG_ANALYZER_NUMBER_OBJECT_CONVERSION = YES_AGGRESSIVE;
				CLANG_CXX_LANGUAGE_STANDARD = "gnu++20";
				CLANG_ENABLE_MODULES = YES;
				CLANG_ENABLE_OBJC_ARC = YES;
				CLANG_ENABLE_OBJC_WEAK = YES;
				CLANG_WARN_BLOCK_CAPTURE_AUTORELEASING = YES;
				CLANG_WARN_BOOL_CONVERSION = YES;
				CLANG_WARN_COMMA = YES;
				CLANG_WARN_CONSTANT_CONVERSION = YES;
				CLANG_WARN_DEPRECATED_OBJC_IMPLEMENTATIONS = YES;
				CLANG_WARN_DIRECT_OBJC_ISA_USAGE = YES_ERROR;
				CLANG_WARN_DOCUMENTATION_COMMENTS = YES;
				CLANG_WARN_EMPTY_BODY = YES;
				CLANG_WARN_ENUM_CONVERSION = YES;
				CLANG_WARN_INFINITE_RECURSION = YES;
				CLANG_WARN_INT_CONVERSION = YES;
				CLANG_WARN_NON_LITERAL_NULL_CONVERSION = YES;
				CLANG_WARN_OBJC_IMPLICIT_RETAIN_SELF = YES;
				CLANG_WARN_OBJC_LITERAL_CONVERSION = YES;
				CLANG_WARN_OBJC_ROOT_CLASS = YES_ERROR;
				CLANG_WARN_QUOTED_INCLUDE_IN_FRAMEWORK_HEADER = YES;
				CLANG_WARN_RANGE_LOOP_ANALYSIS = YES;
				CLANG_WARN_STRICT_PROTOTYPES = YES;
				CLANG_WARN_SUSPICIOUS_MOVE = YES;
				CLANG_WARN_UNGUARDED_AVAILABILITY = YES_AGGRESSIVE;
				CLANG_WARN_UNREACHABLE_CODE = YES;
				CLANG_WARN__DUPLICATE_METHOD_MATCH = YES;
				COPY_PHASE_STRIP = NO;
				DEBUG_INFORMATION_FORMAT = dwarf;
				ENABLE_STRICT_OBJC_MSGSEND = YES;
				ENABLE_TESTABILITY = YES;
				ENABLE_USER_SCRIPT_SANDBOXING = YES;
				GCC_C_LANGUAGE_STANDARD = gnu17;
				GCC_DYNAMIC_NO_PIC = NO;
				GCC_NO_COMMON_BLOCKS = YES;
				GCC_OPTIMIZATION_LEVEL = 0;
				GCC_PREPROCESSOR_DEFINITIONS = (
					"DEBUG=1",
					"$(inherited)",
				);
				GCC_WARN_64_TO_32_BIT_CONVERSION = YES;
				GCC_WARN_ABOUT_RETURN_TYPE = YES_ERROR;
				GCC_WARN_UNDECLARED_SELECTOR = YES;
				GCC_WARN_UNINITIALIZED_AUTOS = YES_AGGRESSIVE;
				GCC_WARN_UNUSED_FUNCTION = YES;
				GCC_WARN_UNUSED_VARIABLE = YES;
				IPHONEOS_DEPLOYMENT_TARGET = 17.2;
				LOCALIZATION_PREFERS_STRING_CATALOGS = YES;
				MTL_ENABLE_DEBUG_INFO = INCLUDE_SOURCE;
				MTL_FAST_MATH = YES;
				ONLY_ACTIVE_ARCH = YES;
				SDKROOT = iphoneos;
				SWIFT_ACTIVE_COMPILATION_CONDITIONS = "DEBUG $(inherited)";
				SWIFT_OPTIMIZATION_LEVEL = "-Onone";
			};
			name = Debug;
		};
		159CF9982D398892004E6AD4 /* Release */ = {
			isa = XCBuildConfiguration;
			buildSettings = {
				ALWAYS_SEARCH_USER_PATHS = NO;
				ASSETCATALOG_COMPILER_GENERATE_SWIFT_ASSET_SYMBOL_EXTENSIONS = YES;
				CLANG_ANALYZER_NONNULL = YES;
				CLANG_ANALYZER_NUMBER_OBJECT_CONVERSION = YES_AGGRESSIVE;
				CLANG_CXX_LANGUAGE_STANDARD = "gnu++20";
				CLANG_ENABLE_MODULES = YES;
				CLANG_ENABLE_OBJC_ARC = YES;
				CLANG_ENABLE_OBJC_WEAK = YES;
				CLANG_WARN_BLOCK_CAPTURE_AUTORELEASING = YES;
				CLANG_WARN_BOOL_CONVERSION = YES;
				CLANG_WARN_COMMA = YES;
				CLANG_WARN_CONSTANT_CONVERSION = YES;
				CLANG_WARN_DEPRECATED_OBJC_IMPLEMENTATIONS = YES;
				CLANG_WARN_DIRECT_OBJC_ISA_USAGE = YES_ERROR;
				CLANG_WARN_DOCUMENTATION_COMMENTS = YES;
				CLANG_WARN_EMPTY_BODY = YES;
				CLANG_WARN_ENUM_CONVERSION = YES;
				CLANG_WARN_INFINITE_RECURSION = YES;
				CLANG_WARN_INT_CONVERSION = YES;
				CLANG_WARN_NON_LITERAL_NULL_CONVERSION = YES;
				CLANG_WARN_OBJC_IMPLICIT_RETAIN_SELF = YES;
				CLANG_WARN_OBJC_LITERAL_CONVERSION = YES;
				CLANG_WARN_OBJC_ROOT_CLASS = YES_ERROR;
				CLANG_WARN_QUOTED_INCLUDE_IN_FRAMEWORK_HEADER = YES;
				CLANG_WARN_RANGE_LOOP_ANALYSIS = YES;
				CLANG_WARN_STRICT_PROTOTYPES = YES;
				CLANG_WARN_SUSPICIOUS_MOVE = YES;
				CLANG_WARN_UNGUARDED_AVAILABILITY = YES_AGGRESSIVE;
				CLANG_WARN_UNREACHABLE_CODE = YES;
				CLANG_WARN__DUPLICATE_METHOD_MATCH = YES;
				COPY_PHASE_STRIP = NO;
				DEBUG_INFORMATION_FORMAT = "dwarf-with-dsym";
				ENABLE_NS_ASSERTIONS = NO;
				ENABLE_STRICT_OBJC_MSGSEND = YES;
				ENABLE_USER_SCRIPT_SANDBOXING = YES;
				GCC_C_LANGUAGE_STANDARD = gnu17;
				GCC_NO_COMMON_BLOCKS = YES;
				GCC_WARN_64_TO_32_BIT_CONVERSION = YES;
				GCC_WARN_ABOUT_RETURN_TYPE = YES_ERROR;
				GCC_WARN_UNDECLARED_SELECTOR = YES;
				GCC_WARN_UNINITIALIZED_AUTOS = YES_AGGRESSIVE;
				GCC_WARN_UNUSED_FUNCTION = YES;
				GCC_WARN_UNUSED_VARIABLE = YES;
				IPHONEOS_DEPLOYMENT_TARGET = 17.2;
				LOCALIZATION_PREFERS_STRING_CATALOGS = YES;
				MTL_ENABLE_DEBUG_INFO = NO;
				MTL_FAST_MATH = YES;
				SDKROOT = iphoneos;
				SWIFT_COMPILATION_MODE = wholemodule;
				VALIDATE_PRODUCT = YES;
			};
			name = Release;
		};
		159CF99A2D398892004E6AD4 /* Debug */ = {
			isa = XCBuildConfiguration;
			buildSettings = {
				ASSETCATALOG_COMPILER_APPICON_NAME = AppIcon;
				ASSETCATALOG_COMPILER_GLOBAL_ACCENT_COLOR_NAME = AccentColor;
				CODE_SIGN_STYLE = Automatic;
				CURRENT_PROJECT_VERSION = 1;
				DEVELOPMENT_ASSET_PATHS = "\"TVMaze/Preview Content\"";
				ENABLE_PREVIEWS = YES;
				GENERATE_INFOPLIST_FILE = YES;
				INFOPLIST_KEY_UIApplicationSceneManifest_Generation = YES;
				INFOPLIST_KEY_UIApplicationSupportsIndirectInputEvents = YES;
				INFOPLIST_KEY_UILaunchScreen_Generation = YES;
				INFOPLIST_KEY_UISupportedInterfaceOrientations_iPad = "UIInterfaceOrientationPortrait UIInterfaceOrientationPortraitUpsideDown UIInterfaceOrientationLandscapeLeft UIInterfaceOrientationLandscapeRight";
				INFOPLIST_KEY_UISupportedInterfaceOrientations_iPhone = "UIInterfaceOrientationPortrait UIInterfaceOrientationLandscapeLeft UIInterfaceOrientationLandscapeRight";
				INFOPLIST_KEY_UIUserInterfaceStyle = Dark;
				LD_RUNPATH_SEARCH_PATHS = (
					"$(inherited)",
					"@executable_path/Frameworks",
				);
				MARKETING_VERSION = 1.0;
				PRODUCT_BUNDLE_IDENTIFIER = br.ramonoise.TVMaze;
				PRODUCT_NAME = "$(TARGET_NAME)";
				SWIFT_EMIT_LOC_STRINGS = YES;
				SWIFT_VERSION = 5.0;
				TARGETED_DEVICE_FAMILY = "1,2";
			};
			name = Debug;
		};
		159CF99B2D398892004E6AD4 /* Release */ = {
			isa = XCBuildConfiguration;
			buildSettings = {
				ASSETCATALOG_COMPILER_APPICON_NAME = AppIcon;
				ASSETCATALOG_COMPILER_GLOBAL_ACCENT_COLOR_NAME = AccentColor;
				CODE_SIGN_STYLE = Automatic;
				CURRENT_PROJECT_VERSION = 1;
				DEVELOPMENT_ASSET_PATHS = "\"TVMaze/Preview Content\"";
				ENABLE_PREVIEWS = YES;
				GENERATE_INFOPLIST_FILE = YES;
				INFOPLIST_KEY_UIApplicationSceneManifest_Generation = YES;
				INFOPLIST_KEY_UIApplicationSupportsIndirectInputEvents = YES;
				INFOPLIST_KEY_UILaunchScreen_Generation = YES;
				INFOPLIST_KEY_UISupportedInterfaceOrientations_iPad = "UIInterfaceOrientationPortrait UIInterfaceOrientationPortraitUpsideDown UIInterfaceOrientationLandscapeLeft UIInterfaceOrientationLandscapeRight";
				INFOPLIST_KEY_UISupportedInterfaceOrientations_iPhone = "UIInterfaceOrientationPortrait UIInterfaceOrientationLandscapeLeft UIInterfaceOrientationLandscapeRight";
				INFOPLIST_KEY_UIUserInterfaceStyle = Dark;
				LD_RUNPATH_SEARCH_PATHS = (
					"$(inherited)",
					"@executable_path/Frameworks",
				);
				MARKETING_VERSION = 1.0;
				PRODUCT_BUNDLE_IDENTIFIER = br.ramonoise.TVMaze;
				PRODUCT_NAME = "$(TARGET_NAME)";
				SWIFT_EMIT_LOC_STRINGS = YES;
				SWIFT_VERSION = 5.0;
				TARGETED_DEVICE_FAMILY = "1,2";
			};
			name = Release;
		};
		159CF99D2D398892004E6AD4 /* Debug */ = {
			isa = XCBuildConfiguration;
			buildSettings = {
				ALWAYS_EMBED_SWIFT_STANDARD_LIBRARIES = YES;
				BUNDLE_LOADER = "$(TEST_HOST)";
				CODE_SIGN_STYLE = Automatic;
				CURRENT_PROJECT_VERSION = 1;
				GENERATE_INFOPLIST_FILE = YES;
				IPHONEOS_DEPLOYMENT_TARGET = 17.2;
				MARKETING_VERSION = 1.0;
				PRODUCT_BUNDLE_IDENTIFIER = br.ramonoise.TVMazeTests;
				PRODUCT_NAME = "$(TARGET_NAME)";
				SWIFT_EMIT_LOC_STRINGS = NO;
				SWIFT_VERSION = 5.0;
				TARGETED_DEVICE_FAMILY = "1,2";
				TEST_HOST = "$(BUILT_PRODUCTS_DIR)/TVMaze.app/$(BUNDLE_EXECUTABLE_FOLDER_PATH)/TVMaze";
			};
			name = Debug;
		};
		159CF99E2D398892004E6AD4 /* Release */ = {
			isa = XCBuildConfiguration;
			buildSettings = {
				ALWAYS_EMBED_SWIFT_STANDARD_LIBRARIES = YES;
				BUNDLE_LOADER = "$(TEST_HOST)";
				CODE_SIGN_STYLE = Automatic;
				CURRENT_PROJECT_VERSION = 1;
				GENERATE_INFOPLIST_FILE = YES;
				IPHONEOS_DEPLOYMENT_TARGET = 17.2;
				MARKETING_VERSION = 1.0;
				PRODUCT_BUNDLE_IDENTIFIER = br.ramonoise.TVMazeTests;
				PRODUCT_NAME = "$(TARGET_NAME)";
				SWIFT_EMIT_LOC_STRINGS = NO;
				SWIFT_VERSION = 5.0;
				TARGETED_DEVICE_FAMILY = "1,2";
				TEST_HOST = "$(BUILT_PRODUCTS_DIR)/TVMaze.app/$(BUNDLE_EXECUTABLE_FOLDER_PATH)/TVMaze";
			};
			name = Release;
		};
		159CF9A02D398892004E6AD4 /* Debug */ = {
			isa = XCBuildConfiguration;
			buildSettings = {
				ALWAYS_EMBED_SWIFT_STANDARD_LIBRARIES = YES;
				CODE_SIGN_STYLE = Automatic;
				CURRENT_PROJECT_VERSION = 1;
				GENERATE_INFOPLIST_FILE = YES;
				MARKETING_VERSION = 1.0;
				PRODUCT_BUNDLE_IDENTIFIER = br.ramonoise.TVMazeUITests;
				PRODUCT_NAME = "$(TARGET_NAME)";
				SWIFT_EMIT_LOC_STRINGS = NO;
				SWIFT_VERSION = 5.0;
				TARGETED_DEVICE_FAMILY = "1,2";
				TEST_TARGET_NAME = TVMaze;
			};
			name = Debug;
		};
		159CF9A12D398892004E6AD4 /* Release */ = {
			isa = XCBuildConfiguration;
			buildSettings = {
				ALWAYS_EMBED_SWIFT_STANDARD_LIBRARIES = YES;
				CODE_SIGN_STYLE = Automatic;
				CURRENT_PROJECT_VERSION = 1;
				GENERATE_INFOPLIST_FILE = YES;
				MARKETING_VERSION = 1.0;
				PRODUCT_BUNDLE_IDENTIFIER = br.ramonoise.TVMazeUITests;
				PRODUCT_NAME = "$(TARGET_NAME)";
				SWIFT_EMIT_LOC_STRINGS = NO;
				SWIFT_VERSION = 5.0;
				TARGETED_DEVICE_FAMILY = "1,2";
				TEST_TARGET_NAME = TVMaze;
			};
			name = Release;
		};
/* End XCBuildConfiguration section */

/* Begin XCConfigurationList section */
		159CF9702D398890004E6AD4 /* Build configuration list for PBXProject "TVMaze" */ = {
			isa = XCConfigurationList;
			buildConfigurations = (
				159CF9972D398892004E6AD4 /* Debug */,
				159CF9982D398892004E6AD4 /* Release */,
			);
			defaultConfigurationIsVisible = 0;
			defaultConfigurationName = Release;
		};
		159CF9992D398892004E6AD4 /* Build configuration list for PBXNativeTarget "TVMaze" */ = {
			isa = XCConfigurationList;
			buildConfigurations = (
				159CF99A2D398892004E6AD4 /* Debug */,
				159CF99B2D398892004E6AD4 /* Release */,
			);
			defaultConfigurationIsVisible = 0;
			defaultConfigurationName = Release;
		};
		159CF99C2D398892004E6AD4 /* Build configuration list for PBXNativeTarget "TVMazeTests" */ = {
			isa = XCConfigurationList;
			buildConfigurations = (
				159CF99D2D398892004E6AD4 /* Debug */,
				159CF99E2D398892004E6AD4 /* Release */,
			);
			defaultConfigurationIsVisible = 0;
			defaultConfigurationName = Release;
		};
		159CF99F2D398892004E6AD4 /* Build configuration list for PBXNativeTarget "TVMazeUITests" */ = {
			isa = XCConfigurationList;
			buildConfigurations = (
				159CF9A02D398892004E6AD4 /* Debug */,
				159CF9A12D398892004E6AD4 /* Release */,
			);
			defaultConfigurationIsVisible = 0;
			defaultConfigurationName = Release;
		};
/* End XCConfigurationList section */
	};
	rootObject = 159CF96D2D398890004E6AD4 /* Project object */;
}
